
Microsoft Visual Studio Solution File, Format Version 12.00
# Visual Studio Version 17
VisualStudioVersion = 17.2.32630.192
MinimumVisualStudioVersion = 10.0.40219.1
Project("{FAE04EC0-301F-11D3-BF4B-00C04F79EFBC}") = "StockManagementSoftware", "StockManagementSoftware.csproj", "{0A1EFD84-F81D-4BDF-B6C7-D63D4EFE91FB}"
EndProject
Global
	GlobalSection(SolutionConfigurationPlatforms) = preSolution
		Debug|Any CPU = Debug|Any CPU
		Release|Any CPU = Release|Any CPU
	EndGlobalSection
	GlobalSection(ProjectConfigurationPlatforms) = postSolution
		{0A1EFD84-F81D-4BDF-B6C7-D63D4EFE91FB}.Debug|Any CPU.ActiveCfg = Debug|Any CPU
		{0A1EFD84-F81D-4BDF-B6C7-D63D4EFE91FB}.Debug|Any CPU.Build.0 = Debug|Any CPU
		{0A1EFD84-F81D-4BDF-B6C7-D63D4EFE91FB}.Release|Any CPU.ActiveCfg = Release|Any CPU
		{0A1EFD84-F81D-4BDF-B6C7-D63D4EFE91FB}.Release|Any CPU.Build.0 = Release|Any CPU
	EndGlobalSection
	GlobalSection(SolutionProperties) = preSolution
		HideSolutionNode = FALSE
	EndGlobalSection
	GlobalSection(ExtensibilityGlobals) = postSolution
		SolutionGuid = {75B48223-F797-4366-8908-00A7C2B1B443}
	EndGlobalSection
EndGlobal
